
Microsoft Visual Studio Solution File, Format Version 12.00
# Visual Studio Version 17
VisualStudioVersion = 17.8.34316.72
MinimumVisualStudioVersion = 10.0.40219.1
Project("{FAE04EC0-301F-11D3-BF4B-00C04F79EFBC}") = "BlazorBlog", "BlazorBlog\BlazorBlog.csproj", "{6FC56C58-4459-4983-8426-5F0451D8601C}"
EndProject
Global
	GlobalSection(SolutionConfigurationPlatforms) = preSolution
		Debug|Any CPU = Debug|Any CPU
		Release|Any CPU = Release|Any CPU
	EndGlobalSection
	GlobalSection(ProjectConfigurationPlatforms) = postSolution
		{6FC56C58-4459-4983-8426-5F0451D8601C}.Debug|Any CPU.ActiveCfg = Debug|Any CPU
		{6FC56C58-4459-4983-8426-5F0451D8601C}.Debug|Any CPU.Build.0 = Debug|Any CPU
		{6FC56C58-4459-4983-8426-5F0451D8601C}.Release|Any CPU.ActiveCfg = Release|Any CPU
		{6FC56C58-4459-4983-8426-5F0451D8601C}.Release|Any CPU.Build.0 = Release|Any CPU
	EndGlobalSection
	GlobalSection(SolutionProperties) = preSolution
		HideSolutionNode = FALSE
	EndGlobalSection
	GlobalSection(ExtensibilityGlobals) = postSolution
		SolutionGuid = {C9BD83B5-A095-4FD4-9B8C-25E893AB4F68}
	EndGlobalSection
EndGlobal
